
Microsoft Visual Studio Solution File, Format Version 12.00
# Visual Studio Version 17
VisualStudioVersion = 17.4.33213.308
MinimumVisualStudioVersion = 10.0.40219.1
Project("{FAE04EC0-301F-11D3-BF4B-00C04F79EFBC}") = "PerimeterApp", "PerimeterApp\PerimeterApp.csproj", "{FD352703-3B43-4499-963B-9D50275A3E95}"
EndProject
Global
	GlobalSection(SolutionConfigurationPlatforms) = preSolution
		Debug|Any CPU = Debug|Any CPU
		Release|Any CPU = Release|Any CPU
	EndGlobalSection
	GlobalSection(ProjectConfigurationPlatforms) = postSolution
		{FD352703-3B43-4499-963B-9D50275A3E95}.Debug|Any CPU.ActiveCfg = Debug|Any CPU
		{FD352703-3B43-4499-963B-9D50275A3E95}.Debug|Any CPU.Build.0 = Debug|Any CPU
		{FD352703-3B43-4499-963B-9D50275A3E95}.Release|Any CPU.ActiveCfg = Release|Any CPU
		{FD352703-3B43-4499-963B-9D50275A3E95}.Release|Any CPU.Build.0 = Release|Any CPU
	EndGlobalSection
	GlobalSection(SolutionProperties) = preSolution
		HideSolutionNode = FALSE
	EndGlobalSection
	GlobalSection(ExtensibilityGlobals) = postSolution
		SolutionGuid = {4E685FFE-519C-42B0-88F6-F8B2EDB88BB2}
	EndGlobalSection
EndGlobal
